
Microsoft Visual Studio Solution File, Format Version 12.00
# Visual Studio Version 17
VisualStudioVersion = 17.0.32126.317
MinimumVisualStudioVersion = 10.0.40219.1
Project("{FAE04EC0-301F-11D3-BF4B-00C04F79EFBC}") = "ConsoleApp2", "ConsoleApp2\ConsoleApp2.csproj", "{08172BD5-CF9E-405F-8BEA-6FC4783917C7}"
EndProject
Project("{FAE04EC0-301F-11D3-BF4B-00C04F79EFBC}") = "UnitTestProject2", "UnitTestProject2\UnitTestProject2.csproj", "{E6FC533C-320D-42FB-A2B8-8A83403F04B1}"
EndProject
Global
	GlobalSection(SolutionConfigurationPlatforms) = preSolution
		Debug|Any CPU = Debug|Any CPU
		Release|Any CPU = Release|Any CPU
	EndGlobalSection
	GlobalSection(ProjectConfigurationPlatforms) = postSolution
		{08172BD5-CF9E-405F-8BEA-6FC4783917C7}.Debug|Any CPU.ActiveCfg = Debug|Any CPU
		{08172BD5-CF9E-405F-8BEA-6FC4783917C7}.Debug|Any CPU.Build.0 = Debug|Any CPU
		{08172BD5-CF9E-405F-8BEA-6FC4783917C7}.Release|Any CPU.ActiveCfg = Release|Any CPU
		{08172BD5-CF9E-405F-8BEA-6FC4783917C7}.Release|Any CPU.Build.0 = Release|Any CPU
		{E6FC533C-320D-42FB-A2B8-8A83403F04B1}.Debug|Any CPU.ActiveCfg = Debug|Any CPU
		{E6FC533C-320D-42FB-A2B8-8A83403F04B1}.Debug|Any CPU.Build.0 = Debug|Any CPU
		{E6FC533C-320D-42FB-A2B8-8A83403F04B1}.Release|Any CPU.ActiveCfg = Release|Any CPU
		{E6FC533C-320D-42FB-A2B8-8A83403F04B1}.Release|Any CPU.Build.0 = Release|Any CPU
	EndGlobalSection
	GlobalSection(SolutionProperties) = preSolution
		HideSolutionNode = FALSE
	EndGlobalSection
	GlobalSection(ExtensibilityGlobals) = postSolution
		SolutionGuid = {662B43E7-5CDB-4335-B5F8-BB2DD757A9CD}
	EndGlobalSection
EndGlobal
